
Microsoft Visual Studio Solution File, Format Version 12.00
# Visual Studio Version 17
VisualStudioVersion = 17.9.34728.123
MinimumVisualStudioVersion = 10.0.40219.1
Project("{9A19103F-16F7-4668-BE54-9A1E7A4F7556}") = "AP1_P1_KimberlinSantiago", "AP1_P1_KimberlinSantiago\AP1_P1_KimberlinSantiago.csproj", "{F69F54EF-7034-48AF-9AAB-009019871C40}"
EndProject
Global
	GlobalSection(SolutionConfigurationPlatforms) = preSolution
		Debug|Any CPU = Debug|Any CPU
		Release|Any CPU = Release|Any CPU
	EndGlobalSection
	GlobalSection(ProjectConfigurationPlatforms) = postSolution
		{F69F54EF-7034-48AF-9AAB-009019871C40}.Debug|Any CPU.ActiveCfg = Debug|Any CPU
		{F69F54EF-7034-48AF-9AAB-009019871C40}.Debug|Any CPU.Build.0 = Debug|Any CPU
		{F69F54EF-7034-48AF-9AAB-009019871C40}.Release|Any CPU.ActiveCfg = Release|Any CPU
		{F69F54EF-7034-48AF-9AAB-009019871C40}.Release|Any CPU.Build.0 = Release|Any CPU
	EndGlobalSection
	GlobalSection(SolutionProperties) = preSolution
		HideSolutionNode = FALSE
	EndGlobalSection
	GlobalSection(ExtensibilityGlobals) = postSolution
		SolutionGuid = {3CB0B785-C7CB-40C1-917F-7E52BFD0CD8A}
	EndGlobalSection
EndGlobal
